// !$*UTF8*$!
{
	archiveVersion = 1;
	classes = {
	};
	objectVersion = 46;
	objects = {

/* Begin PBXBuildFile section */
		031EFEA319055CC900A165C7 /* MyAccountViewController.m in Sources */ = {isa = PBXBuildFile; fileRef = 031EFEA219055CC900A165C7 /* MyAccountViewController.m */; };
		0327028D19027E880049827A /* BrandDetailViewController.m in Sources */ = {isa = PBXBuildFile; fileRef = 0327028C19027E880049827A /* BrandDetailViewController.m */; };
		03270293190283150049827A /* BrandView.m in Sources */ = {isa = PBXBuildFile; fileRef = 03270292190283150049827A /* BrandView.m */; };
		032857501903DF2A0094517B /* MoreBrandViewController.m in Sources */ = {isa = PBXBuildFile; fileRef = 0328574F1903DF2A0094517B /* MoreBrandViewController.m */; };
		032D73C718FEC96000FA8284 /* add_friend.png in Resources */ = {isa = PBXBuildFile; fileRef = 032D738C18FEC95F00FA8284 /* add_friend.png */; };
		032D73C818FEC96000FA8284 /* add_friend1.png in Resources */ = {isa = PBXBuildFile; fileRef = 032D738D18FEC95F00FA8284 /* add_friend1.png */; };
		032D73C918FEC96000FA8284 /* add_friend2.png in Resources */ = {isa = PBXBuildFile; fileRef = 032D738E18FEC95F00FA8284 /* add_friend2.png */; };
		032D73CA18FEC96000FA8284 /* arrow.png in Resources */ = {isa = PBXBuildFile; fileRef = 032D738F18FEC95F00FA8284 /* arrow.png */; };
		032D73CB18FEC96000FA8284 /* arrow_icon.png in Resources */ = {isa = PBXBuildFile; fileRef = 032D739018FEC95F00FA8284 /* arrow_icon.png */; };
		032D73CC18FEC96000FA8284 /* back.png in Resources */ = {isa = PBXBuildFile; fileRef = 032D739118FEC95F00FA8284 /* back.png */; };
		032D73CD18FEC96000FA8284 /* banner1.png in Resources */ = {isa = PBXBuildFile; fileRef = 032D739218FEC95F00FA8284 /* banner1.png */; };
		032D73CE18FEC96000FA8284 /* banner2.png in Resources */ = {isa = PBXBuildFile; fileRef = 032D739318FEC95F00FA8284 /* banner2.png */; };
		032D73CF18FEC96000FA8284 /* banner3.png in Resources */ = {isa = PBXBuildFile; fileRef = 032D739418FEC95F00FA8284 /* banner3.png */; };
		032D73D018FEC96000FA8284 /* check.png in Resources */ = {isa = PBXBuildFile; fileRef = 032D739518FEC95F00FA8284 /* check.png */; };
		032D73D118FEC96000FA8284 /* dot_off.png in Resources */ = {isa = PBXBuildFile; fileRef = 032D739618FEC95F00FA8284 /* dot_off.png */; };
		032D73D218FEC96000FA8284 /* dot_on.png in Resources */ = {isa = PBXBuildFile; fileRef = 032D739718FEC95F00FA8284 /* dot_on.png */; };
		032D73D318FEC96000FA8284 /* juhuasuan_icon.png in Resources */ = {isa = PBXBuildFile; fileRef = 032D739818FEC95F00FA8284 /* juhuasuan_icon.png */; };
		032D73D418FEC96000FA8284 /* logo.png in Resources */ = {isa = PBXBuildFile; fileRef = 032D739918FEC95F00FA8284 /* logo.png */; };
		032D73D518FEC96000FA8284 /* mall.png in Resources */ = {isa = PBXBuildFile; fileRef = 032D739A18FEC95F00FA8284 /* mall.png */; };
		032D73D618FEC96000FA8284 /* message.png in Resources */ = {isa = PBXBuildFile; fileRef = 032D739B18FEC95F00FA8284 /* message.png */; };
		032D73D718FEC96000FA8284 /* more.png in Resources */ = {isa = PBXBuildFile; fileRef = 032D739C18FEC95F00FA8284 /* more.png */; };
		032D73D818FEC96000FA8284 /* paipai_info_icon.png in Resources */ = {isa = PBXBuildFile; fileRef = 032D739D18FEC95F00FA8284 /* paipai_info_icon.png */; };
		032D73D918FEC96000FA8284 /* pinpai_amazon.png in Resources */ = {isa = PBXBuildFile; fileRef = 032D739E18FEC95F00FA8284 /* pinpai_amazon.png */; };
		032D73DA18FEC96000FA8284 /* pinpai_dangdang.png in Resources */ = {isa = PBXBuildFile; fileRef = 032D739F18FEC95F00FA8284 /* pinpai_dangdang.png */; };
		032D73DB18FEC96000FA8284 /* pinpai_jingdong.png in Resources */ = {isa = PBXBuildFile; fileRef = 032D73A018FEC95F00FA8284 /* pinpai_jingdong.png */; };
		032D73DC18FEC96000FA8284 /* pinpai_jumei.png in Resources */ = {isa = PBXBuildFile; fileRef = 032D73A118FEC95F00FA8284 /* pinpai_jumei.png */; };
		032D73DD18FEC96000FA8284 /* pinpai_nuomi.png in Resources */ = {isa = PBXBuildFile; fileRef = 032D73A218FEC95F00FA8284 /* pinpai_nuomi.png */; };
		032D73DE18FEC96000FA8284 /* pinpai_paipai.png in Resources */ = {isa = PBXBuildFile; fileRef = 032D73A318FEC95F00FA8284 /* pinpai_paipai.png */; };
		032D73DF18FEC96000FA8284 /* pinpai_taobao.png in Resources */ = {isa = PBXBuildFile; fileRef = 032D73A418FEC95F00FA8284 /* pinpai_taobao.png */; };
		032D73E018FEC96000FA8284 /* pinpai_xiecheng.png in Resources */ = {isa = PBXBuildFile; fileRef = 032D73A518FEC95F00FA8284 /* pinpai_xiecheng.png */; };
		032D73E118FEC96000FA8284 /* pinpai_yixun.png in Resources */ = {isa = PBXBuildFile; fileRef = 032D73A618FEC95F00FA8284 /* pinpai_yixun.png */; };
		032D73E218FEC96000FA8284 /* qiandao_info_icon.png in Resources */ = {isa = PBXBuildFile; fileRef = 032D73A718FEC95F00FA8284 /* qiandao_info_icon.png */; };
		032D73E318FEC96000FA8284 /* search_bg.png in Resources */ = {isa = PBXBuildFile; fileRef = 032D73A818FEC95F00FA8284 /* search_bg.png */; };
		032D73E418FEC96000FA8284 /* search_shangpin.png in Resources */ = {isa = PBXBuildFile; fileRef = 032D73A918FEC95F00FA8284 /* search_shangpin.png */; };
		032D73E518FEC96000FA8284 /* shangpin_temp.png in Resources */ = {isa = PBXBuildFile; fileRef = 032D73AA18FEC95F00FA8284 /* shangpin_temp.png */; };
		032D73E618FEC96000FA8284 /* shourumingxi_info_icon.png in Resources */ = {isa = PBXBuildFile; fileRef = 032D73AB18FEC95F00FA8284 /* shourumingxi_info_icon.png */; };
		032D73E718FEC96000FA8284 /* star.png in Resources */ = {isa = PBXBuildFile; fileRef = 032D73AC18FEC95F00FA8284 /* star.png */; };
		032D73E818FEC96000FA8284 /* tab_bg.9.png in Resources */ = {isa = PBXBuildFile; fileRef = 032D73AD18FEC95F00FA8284 /* tab_bg.9.png */; };
		032D73E918FEC96000FA8284 /* tab_bg.png in Resources */ = {isa = PBXBuildFile; fileRef = 032D73AE18FEC95F00FA8284 /* tab_bg.png */; };
		032D73EA18FEC96000FA8284 /* tab_index_1.png in Resources */ = {isa = PBXBuildFile; fileRef = 032D73AF18FEC95F00FA8284 /* tab_index_1.png */; };
		032D73EB18FEC96000FA8284 /* tab_index_1_s.png in Resources */ = {isa = PBXBuildFile; fileRef = 032D73B018FEC95F00FA8284 /* tab_index_1_s.png */; };
		032D73EC18FEC96000FA8284 /* tab_index_2.png in Resources */ = {isa = PBXBuildFile; fileRef = 032D73B118FEC95F00FA8284 /* tab_index_2.png */; };
		032D73ED18FEC96000FA8284 /* tab_index_2_s.png in Resources */ = {isa = PBXBuildFile; fileRef = 032D73B218FEC96000FA8284 /* tab_index_2_s.png */; };
		032D73EE18FEC96000FA8284 /* tab_mall_1.png in Resources */ = {isa = PBXBuildFile; fileRef = 032D73B318FEC96000FA8284 /* tab_mall_1.png */; };
		032D73EF18FEC96000FA8284 /* tab_mall_1_s.png in Resources */ = {isa = PBXBuildFile; fileRef = 032D73B418FEC96000FA8284 /* tab_mall_1_s.png */; };
		032D73F018FEC96000FA8284 /* tab_mall_2.png in Resources */ = {isa = PBXBuildFile; fileRef = 032D73B518FEC96000FA8284 /* tab_mall_2.png */; };
		032D73F118FEC96000FA8284 /* tab_mall_2_s.png in Resources */ = {isa = PBXBuildFile; fileRef = 032D73B618FEC96000FA8284 /* tab_mall_2_s.png */; };
		032D73F218FEC96000FA8284 /* tab_tao_1.png in Resources */ = {isa = PBXBuildFile; fileRef = 032D73B718FEC96000FA8284 /* tab_tao_1.png */; };
		032D73F318FEC96000FA8284 /* tab_tao_1_s.png in Resources */ = {isa = PBXBuildFile; fileRef = 032D73B818FEC96000FA8284 /* tab_tao_1_s.png */; };
		032D73F418FEC96000FA8284 /* tab_tao_2.png in Resources */ = {isa = PBXBuildFile; fileRef = 032D73B918FEC96000FA8284 /* tab_tao_2.png */; };
		032D73F518FEC96000FA8284 /* tab_tao_2_s.png in Resources */ = {isa = PBXBuildFile; fileRef = 032D73BA18FEC96000FA8284 /* tab_tao_2_s.png */; };
		032D73F618FEC96000FA8284 /* tab_user_1.png in Resources */ = {isa = PBXBuildFile; fileRef = 032D73BB18FEC96000FA8284 /* tab_user_1.png */; };
		032D73F718FEC96000FA8284 /* tab_user_1_s.png in Resources */ = {isa = PBXBuildFile; fileRef = 032D73BC18FEC96000FA8284 /* tab_user_1_s.png */; };
		032D73F818FEC96000FA8284 /* tab_user_2.png in Resources */ = {isa = PBXBuildFile; fileRef = 032D73BD18FEC96000FA8284 /* tab_user_2.png */; };
		032D73F918FEC96000FA8284 /* tab_user_2_s.png in Resources */ = {isa = PBXBuildFile; fileRef = 032D73BE18FEC96000FA8284 /* tab_user_2_s.png */; };
		032D73FA18FEC96000FA8284 /* tao_icon.png in Resources */ = {isa = PBXBuildFile; fileRef = 032D73BF18FEC96000FA8284 /* tao_icon.png */; };
		032D73FB18FEC96000FA8284 /* tao_info_icon.png in Resources */ = {isa = PBXBuildFile; fileRef = 032D73C018FEC96000FA8284 /* tao_info_icon.png */; };
		032D73FC18FEC96000FA8284 /* taojinbi_icon.png in Resources */ = {isa = PBXBuildFile; fileRef = 032D73C118FEC96000FA8284 /* taojinbi_icon.png */; };
		032D73FD18FEC96000FA8284 /* test.png in Resources */ = {isa = PBXBuildFile; fileRef = 032D73C218FEC96000FA8284 /* test.png */; };
		032D73FE18FEC96000FA8284 /* title_shangpin.9.png in Resources */ = {isa = PBXBuildFile; fileRef = 032D73C318FEC96000FA8284 /* title_shangpin.9.png */; };
		032D73FF18FEC96000FA8284 /* tmall_icon.png in Resources */ = {isa = PBXBuildFile; fileRef = 032D73C418FEC96000FA8284 /* tmall_icon.png */; };
		032D740018FEC96000FA8284 /* top_bg.9.png in Resources */ = {isa = PBXBuildFile; fileRef = 032D73C518FEC96000FA8284 /* top_bg.9.png */; };
		032D740118FEC96000FA8284 /* vip.png in Resources */ = {isa = PBXBuildFile; fileRef = 032D73C618FEC96000FA8284 /* vip.png */; };
		032D740418FECA0D00FA8284 /* IndexViewController.m in Sources */ = {isa = PBXBuildFile; fileRef = 032D740318FECA0D00FA8284 /* IndexViewController.m */; };
		032D740918FEDA2C00FA8284 /* top_bg.png in Resources */ = {isa = PBXBuildFile; fileRef = 032D740818FEDA2C00FA8284 /* top_bg.png */; };
		032D740C18FEDC4000FA8284 /* CustomTextField.m in Sources */ = {isa = PBXBuildFile; fileRef = 032D740B18FEDC4000FA8284 /* CustomTextField.m */; };
		032D741218FEDF9200FA8284 /* SGFocusImageFrame.m in Sources */ = {isa = PBXBuildFile; fileRef = 032D740F18FEDF9100FA8284 /* SGFocusImageFrame.m */; };
		032D741318FEDF9200FA8284 /* SGFocusImageItem.m in Sources */ = {isa = PBXBuildFile; fileRef = 032D741118FEDF9100FA8284 /* SGFocusImageItem.m */; };
		03B51FA818FD7EA900F862E1 /* Foundation.framework in Frameworks */ = {isa = PBXBuildFile; fileRef = 03B51FA718FD7EA900F862E1 /* Foundation.framework */; };
		03B51FAA18FD7EA900F862E1 /* CoreGraphics.framework in Frameworks */ = {isa = PBXBuildFile; fileRef = 03B51FA918FD7EA900F862E1 /* CoreGraphics.framework */; };
		03B51FAC18FD7EA900F862E1 /* UIKit.framework in Frameworks */ = {isa = PBXBuildFile; fileRef = 03B51FAB18FD7EA900F862E1 /* UIKit.framework */; };
		03B51FB218FD7EA900F862E1 /* InfoPlist.strings in Resources */ = {isa = PBXBuildFile; fileRef = 03B51FB018FD7EA900F862E1 /* InfoPlist.strings */; };
		03B51FB418FD7EA900F862E1 /* main.m in Sources */ = {isa = PBXBuildFile; fileRef = 03B51FB318FD7EA900F862E1 /* main.m */; };
		03B51FB818FD7EA900F862E1 /* AppDelegate.m in Sources */ = {isa = PBXBuildFile; fileRef = 03B51FB718FD7EA900F862E1 /* AppDelegate.m */; };
		03B51FBB18FD7EA900F862E1 /* Main.storyboard in Resources */ = {isa = PBXBuildFile; fileRef = 03B51FB918FD7EA900F862E1 /* Main.storyboard */; };
		03B51FBE18FD7EA900F862E1 /* ViewController.m in Sources */ = {isa = PBXBuildFile; fileRef = 03B51FBD18FD7EA900F862E1 /* ViewController.m */; };
		03B51FC018FD7EA900F862E1 /* Images.xcassets in Resources */ = {isa = PBXBuildFile; fileRef = 03B51FBF18FD7EA900F862E1 /* Images.xcassets */; };
		03B51FC718FD7EA900F862E1 /* XCTest.framework in Frameworks */ = {isa = PBXBuildFile; fileRef = 03B51FC618FD7EA900F862E1 /* XCTest.framework */; };
		03B51FC818FD7EA900F862E1 /* Foundation.framework in Frameworks */ = {isa = PBXBuildFile; fileRef = 03B51FA718FD7EA900F862E1 /* Foundation.framework */; };
		03B51FC918FD7EA900F862E1 /* UIKit.framework in Frameworks */ = {isa = PBXBuildFile; fileRef = 03B51FAB18FD7EA900F862E1 /* UIKit.framework */; };
		03B51FD118FD7EA900F862E1 /* InfoPlist.strings in Resources */ = {isa = PBXBuildFile; fileRef = 03B51FCF18FD7EA900F862E1 /* InfoPlist.strings */; };
		03B51FD318FD7EA900F862E1 /* sosozheTests.m in Sources */ = {isa = PBXBuildFile; fileRef = 03B51FD218FD7EA900F862E1 /* sosozheTests.m */; };
		03F1656A1901830F0047D17E /* MBProgressHUD.m in Sources */ = {isa = PBXBuildFile; fileRef = 03F165691901830F0047D17E /* MBProgressHUD.m */; };
		9AC91AF80AE74C3CA5A68D0A /* libPods.a in Frameworks */ = {isa = PBXBuildFile; fileRef = B1BBFC5D6C98494FB4997A06 /* libPods.a */; };
/* End PBXBuildFile section */

/* Begin PBXContainerItemProxy section */
		03B51FCA18FD7EA900F862E1 /* PBXContainerItemProxy */ = {
			isa = PBXContainerItemProxy;
			containerPortal = 03B51F9C18FD7EA900F862E1 /* Project object */;
			proxyType = 1;
			remoteGlobalIDString = 03B51FA318FD7EA900F862E1;
			remoteInfo = sosozhe;
		};
/* End PBXContainerItemProxy section */

/* Begin PBXFileReference section */
		031EFEA119055CC900A165C7 /* MyAccountViewController.h */ = {isa = PBXFileReference; fileEncoding = 4; lastKnownFileType = sourcecode.c.h; path = MyAccountViewController.h; sourceTree = "<group>"; };
		031EFEA219055CC900A165C7 /* MyAccountViewController.m */ = {isa = PBXFileReference; fileEncoding = 4; lastKnownFileType = sourcecode.c.objc; path = MyAccountViewController.m; sourceTree = "<group>"; };
		0327028B19027E880049827A /* BrandDetailViewController.h */ = {isa = PBXFileReference; fileEncoding = 4; lastKnownFileType = sourcecode.c.h; path = BrandDetailViewController.h; sourceTree = "<group>"; };
		0327028C19027E880049827A /* BrandDetailViewController.m */ = {isa = PBXFileReference; fileEncoding = 4; lastKnownFileType = sourcecode.c.objc; path = BrandDetailViewController.m; sourceTree = "<group>"; };
		03270291190283150049827A /* BrandView.h */ = {isa = PBXFileReference; fileEncoding = 4; lastKnownFileType = sourcecode.c.h; path = BrandView.h; sourceTree = "<group>"; };
		03270292190283150049827A /* BrandView.m */ = {isa = PBXFileReference; fileEncoding = 4; lastKnownFileType = sourcecode.c.objc; path = BrandView.m; sourceTree = "<group>"; };
		0328574E1903DF2A0094517B /* MoreBrandViewController.h */ = {isa = PBXFileReference; fileEncoding = 4; lastKnownFileType = sourcecode.c.h; path = MoreBrandViewController.h; sourceTree = "<group>"; };
		0328574F1903DF2A0094517B /* MoreBrandViewController.m */ = {isa = PBXFileReference; fileEncoding = 4; lastKnownFileType = sourcecode.c.objc; path = MoreBrandViewController.m; sourceTree = "<group>"; };
		032D738C18FEC95F00FA8284 /* add_friend.png */ = {isa = PBXFileReference; lastKnownFileType = image.png; path = add_friend.png; sourceTree = "<group>"; };
		032D738D18FEC95F00FA8284 /* add_friend1.png */ = {isa = PBXFileReference; lastKnownFileType = image.png; path = add_friend1.png; sourceTree = "<group>"; };
		032D738E18FEC95F00FA8284 /* add_friend2.png */ = {isa = PBXFileReference; lastKnownFileType = image.png; path = add_friend2.png; sourceTree = "<group>"; };
		032D738F18FEC95F00FA8284 /* arrow.png */ = {isa = PBXFileReference; lastKnownFileType = image.png; path = arrow.png; sourceTree = "<group>"; };
		032D739018FEC95F00FA8284 /* arrow_icon.png */ = {isa = PBXFileReference; lastKnownFileType = image.png; path = arrow_icon.png; sourceTree = "<group>"; };
		032D739118FEC95F00FA8284 /* back.png */ = {isa = PBXFileReference; lastKnownFileType = image.png; path = back.png; sourceTree = "<group>"; };
		032D739218FEC95F00FA8284 /* banner1.png */ = {isa = PBXFileReference; lastKnownFileType = image.png; path = banner1.png; sourceTree = "<group>"; };
		032D739318FEC95F00FA8284 /* banner2.png */ = {isa = PBXFileReference; lastKnownFileType = image.png; path = banner2.png; sourceTree = "<group>"; };
		032D739418FEC95F00FA8284 /* banner3.png */ = {isa = PBXFileReference; lastKnownFileType = image.png; path = banner3.png; sourceTree = "<group>"; };
		032D739518FEC95F00FA8284 /* check.png */ = {isa = PBXFileReference; lastKnownFileType = image.png; path = check.png; sourceTree = "<group>"; };
		032D739618FEC95F00FA8284 /* dot_off.png */ = {isa = PBXFileReference; lastKnownFileType = image.png; path = dot_off.png; sourceTree = "<group>"; };
		032D739718FEC95F00FA8284 /* dot_on.png */ = {isa = PBXFileReference; lastKnownFileType = image.png; path = dot_on.png; sourceTree = "<group>"; };
		032D739818FEC95F00FA8284 /* juhuasuan_icon.png */ = {isa = PBXFileReference; lastKnownFileType = image.png; path = juhuasuan_icon.png; sourceTree = "<group>"; };
		032D739918FEC95F00FA8284 /* logo.png */ = {isa = PBXFileReference; lastKnownFileType = image.png; path = logo.png; sourceTree = "<group>"; };
		032D739A18FEC95F00FA8284 /* mall.png */ = {isa = PBXFileReference; lastKnownFileType = image.png; path = mall.png; sourceTree = "<group>"; };
		032D739B18FEC95F00FA8284 /* message.png */ = {isa = PBXFileReference; lastKnownFileType = image.png; path = message.png; sourceTree = "<group>"; };
		032D739C18FEC95F00FA8284 /* more.png */ = {isa = PBXFileReference; lastKnownFileType = image.png; path = more.png; sourceTree = "<group>"; };
		032D739D18FEC95F00FA8284 /* paipai_info_icon.png */ = {isa = PBXFileReference; lastKnownFileType = image.png; path = paipai_info_icon.png; sourceTree = "<group>"; };
		032D739E18FEC95F00FA8284 /* pinpai_amazon.png */ = {isa = PBXFileReference; lastKnownFileType = image.png; path = pinpai_amazon.png; sourceTree = "<group>"; };
		032D739F18FEC95F00FA8284 /* pinpai_dangdang.png */ = {isa = PBXFileReference; lastKnownFileType = image.png; path = pinpai_dangdang.png; sourceTree = "<group>"; };
		032D73A018FEC95F00FA8284 /* pinpai_jingdong.png */ = {isa = PBXFileReference; lastKnownFileType = image.png; path = pinpai_jingdong.png; sourceTree = "<group>"; };
		032D73A118FEC95F00FA8284 /* pinpai_jumei.png */ = {isa = PBXFileReference; lastKnownFileType = image.png; path = pinpai_jumei.png; sourceTree = "<group>"; };
		032D73A218FEC95F00FA8284 /* pinpai_nuomi.png */ = {isa = PBXFileReference; lastKnownFileType = image.png; path = pinpai_nuomi.png; sourceTree = "<group>"; };
		032D73A318FEC95F00FA8284 /* pinpai_paipai.png */ = {isa = PBXFileReference; lastKnownFileType = image.png; path = pinpai_paipai.png; sourceTree = "<group>"; };
		032D73A418FEC95F00FA8284 /* pinpai_taobao.png */ = {isa = PBXFileReference; lastKnownFileType = image.png; path = pinpai_taobao.png; sourceTree = "<group>"; };
		032D73A518FEC95F00FA8284 /* pinpai_xiecheng.png */ = {isa = PBXFileReference; lastKnownFileType = image.png; path = pinpai_xiecheng.png; sourceTree = "<group>"; };
		032D73A618FEC95F00FA8284 /* pinpai_yixun.png */ = {isa = PBXFileReference; lastKnownFileType = image.png; path = pinpai_yixun.png; sourceTree = "<group>"; };
		032D73A718FEC95F00FA8284 /* qiandao_info_icon.png */ = {isa = PBXFileReference; lastKnownFileType = image.png; path = qiandao_info_icon.png; sourceTree = "<group>"; };
		032D73A818FEC95F00FA8284 /* search_bg.png */ = {isa = PBXFileReference; lastKnownFileType = image.png; path = search_bg.png; sourceTree = "<group>"; };
		032D73A918FEC95F00FA8284 /* search_shangpin.png */ = {isa = PBXFileReference; lastKnownFileType = image.png; path = search_shangpin.png; sourceTree = "<group>"; };
		032D73AA18FEC95F00FA8284 /* shangpin_temp.png */ = {isa = PBXFileReference; lastKnownFileType = image.png; path = shangpin_temp.png; sourceTree = "<group>"; };
		032D73AB18FEC95F00FA8284 /* shourumingxi_info_icon.png */ = {isa = PBXFileReference; lastKnownFileType = image.png; path = shourumingxi_info_icon.png; sourceTree = "<group>"; };
		032D73AC18FEC95F00FA8284 /* star.png */ = {isa = PBXFileReference; lastKnownFileType = image.png; path = star.png; sourceTree = "<group>"; };
		032D73AD18FEC95F00FA8284 /* tab_bg.9.png */ = {isa = PBXFileReference; lastKnownFileType = image.png; path = tab_bg.9.png; sourceTree = "<group>"; };
		032D73AE18FEC95F00FA8284 /* tab_bg.png */ = {isa = PBXFileReference; lastKnownFileType = image.png; path = tab_bg.png; sourceTree = "<group>"; };
		032D73AF18FEC95F00FA8284 /* tab_index_1.png */ = {isa = PBXFileReference; lastKnownFileType = image.png; path = tab_index_1.png; sourceTree = "<group>"; };
		032D73B018FEC95F00FA8284 /* tab_index_1_s.png */ = {isa = PBXFileReference; lastKnownFileType = image.png; path = tab_index_1_s.png; sourceTree = "<group>"; };
		032D73B118FEC95F00FA8284 /* tab_index_2.png */ = {isa = PBXFileReference; lastKnownFileType = image.png; path = tab_index_2.png; sourceTree = "<group>"; };
		032D73B218FEC96000FA8284 /* tab_index_2_s.png */ = {isa = PBXFileReference; lastKnownFileType = image.png; path = tab_index_2_s.png; sourceTree = "<group>"; };
		032D73B318FEC96000FA8284 /* tab_mall_1.png */ = {isa = PBXFileReference; lastKnownFileType = image.png; path = tab_mall_1.png; sourceTree = "<group>"; };
		032D73B418FEC96000FA8284 /* tab_mall_1_s.png */ = {isa = PBXFileReference; lastKnownFileType = image.png; path = tab_mall_1_s.png; sourceTree = "<group>"; };
		032D73B518FEC96000FA8284 /* tab_mall_2.png */ = {isa = PBXFileReference; lastKnownFileType = image.png; path = tab_mall_2.png; sourceTree = "<group>"; };
		032D73B618FEC96000FA8284 /* tab_mall_2_s.png */ = {isa = PBXFileReference; lastKnownFileType = image.png; path = tab_mall_2_s.png; sourceTree = "<group>"; };
		032D73B718FEC96000FA8284 /* tab_tao_1.png */ = {isa = PBXFileReference; lastKnownFileType = image.png; path = tab_tao_1.png; sourceTree = "<group>"; };
		032D73B818FEC96000FA8284 /* tab_tao_1_s.png */ = {isa = PBXFileReference; lastKnownFileType = image.png; path = tab_tao_1_s.png; sourceTree = "<group>"; };
		032D73B918FEC96000FA8284 /* tab_tao_2.png */ = {isa = PBXFileReference; lastKnownFileType = image.png; path = tab_tao_2.png; sourceTree = "<group>"; };
		032D73BA18FEC96000FA8284 /* tab_tao_2_s.png */ = {isa = PBXFileReference; lastKnownFileType = image.png; path = tab_tao_2_s.png; sourceTree = "<group>"; };
		032D73BB18FEC96000FA8284 /* tab_user_1.png */ = {isa = PBXFileReference; lastKnownFileType = image.png; path = tab_user_1.png; sourceTree = "<group>"; };
		032D73BC18FEC96000FA8284 /* tab_user_1_s.png */ = {isa = PBXFileReference; lastKnownFileType = image.png; path = tab_user_1_s.png; sourceTree = "<group>"; };
		032D73BD18FEC96000FA8284 /* tab_user_2.png */ = {isa = PBXFileReference; lastKnownFileType = image.png; path = tab_user_2.png; sourceTree = "<group>"; };
		032D73BE18FEC96000FA8284 /* tab_user_2_s.png */ = {isa = PBXFileReference; lastKnownFileType = image.png; path = tab_user_2_s.png; sourceTree = "<group>"; };
		032D73BF18FEC96000FA8284 /* tao_icon.png */ = {isa = PBXFileReference; lastKnownFileType = image.png; path = tao_icon.png; sourceTree = "<group>"; };
		032D73C018FEC96000FA8284 /* tao_info_icon.png */ = {isa = PBXFileReference; lastKnownFileType = image.png; path = tao_info_icon.png; sourceTree = "<group>"; };
		032D73C118FEC96000FA8284 /* taojinbi_icon.png */ = {isa = PBXFileReference; lastKnownFileType = image.png; path = taojinbi_icon.png; sourceTree = "<group>"; };
		032D73C218FEC96000FA8284 /* test.png */ = {isa = PBXFileReference; lastKnownFileType = image.png; path = test.png; sourceTree = "<group>"; };
		032D73C318FEC96000FA8284 /* title_shangpin.9.png */ = {isa = PBXFileReference; lastKnownFileType = image.png; path = title_shangpin.9.png; sourceTree = "<group>"; };
		032D73C418FEC96000FA8284 /* tmall_icon.png */ = {isa = PBXFileReference; lastKnownFileType = image.png; path = tmall_icon.png; sourceTree = "<group>"; };
		032D73C518FEC96000FA8284 /* top_bg.9.png */ = {isa = PBXFileReference; lastKnownFileType = image.png; path = top_bg.9.png; sourceTree = "<group>"; };
		032D73C618FEC96000FA8284 /* vip.png */ = {isa = PBXFileReference; lastKnownFileType = image.png; path = vip.png; sourceTree = "<group>"; };
		032D740218FECA0D00FA8284 /* IndexViewController.h */ = {isa = PBXFileReference; fileEncoding = 4; lastKnownFileType = sourcecode.c.h; path = IndexViewController.h; sourceTree = "<group>"; };
		032D740318FECA0D00FA8284 /* IndexViewController.m */ = {isa = PBXFileReference; fileEncoding = 4; lastKnownFileType = sourcecode.c.objc; path = IndexViewController.m; sourceTree = "<group>"; };
		032D740818FEDA2C00FA8284 /* top_bg.png */ = {isa = PBXFileReference; lastKnownFileType = image.png; path = top_bg.png; sourceTree = "<group>"; };
		032D740A18FEDC4000FA8284 /* CustomTextField.h */ = {isa = PBXFileReference; fileEncoding = 4; lastKnownFileType = sourcecode.c.h; path = CustomTextField.h; sourceTree = "<group>"; };
		032D740B18FEDC4000FA8284 /* CustomTextField.m */ = {isa = PBXFileReference; fileEncoding = 4; lastKnownFileType = sourcecode.c.objc; path = CustomTextField.m; sourceTree = "<group>"; };
		032D740E18FEDF9100FA8284 /* SGFocusImageFrame.h */ = {isa = PBXFileReference; fileEncoding = 4; lastKnownFileType = sourcecode.c.h; path = SGFocusImageFrame.h; sourceTree = "<group>"; };
		032D740F18FEDF9100FA8284 /* SGFocusImageFrame.m */ = {isa = PBXFileReference; fileEncoding = 4; lastKnownFileType = sourcecode.c.objc; path = SGFocusImageFrame.m; sourceTree = "<group>"; };
		032D741018FEDF9100FA8284 /* SGFocusImageItem.h */ = {isa = PBXFileReference; fileEncoding = 4; lastKnownFileType = sourcecode.c.h; path = SGFocusImageItem.h; sourceTree = "<group>"; };
		032D741118FEDF9100FA8284 /* SGFocusImageItem.m */ = {isa = PBXFileReference; fileEncoding = 4; lastKnownFileType = sourcecode.c.objc; path = SGFocusImageItem.m; sourceTree = "<group>"; };
		036DEC5619002F48003F0F45 /* Header.h */ = {isa = PBXFileReference; lastKnownFileType = sourcecode.c.h; path = Header.h; sourceTree = "<group>"; };
		037CF3E7190818B6007D1071 /* en */ = {isa = PBXFileReference; lastKnownFileType = file.storyboard; name = en; path = en.lproj/Main.storyboard; sourceTree = "<group>"; };
		03B51FA418FD7EA900F862E1 /* sosozhe.app */ = {isa = PBXFileReference; explicitFileType = wrapper.application; includeInIndex = 0; path = sosozhe.app; sourceTree = BUILT_PRODUCTS_DIR; };
		03B51FA718FD7EA900F862E1 /* Foundation.framework */ = {isa = PBXFileReference; lastKnownFileType = wrapper.framework; name = Foundation.framework; path = System/Library/Frameworks/Foundation.framework; sourceTree = SDKROOT; };
		03B51FA918FD7EA900F862E1 /* CoreGraphics.framework */ = {isa = PBXFileReference; lastKnownFileType = wrapper.framework; name = CoreGraphics.framework; path = System/Library/Frameworks/CoreGraphics.framework; sourceTree = SDKROOT; };
		03B51FAB18FD7EA900F862E1 /* UIKit.framework */ = {isa = PBXFileReference; lastKnownFileType = wrapper.framework; name = UIKit.framework; path = System/Library/Frameworks/UIKit.framework; sourceTree = SDKROOT; };
		03B51FAF18FD7EA900F862E1 /* sosozhe-Info.plist */ = {isa = PBXFileReference; lastKnownFileType = text.plist.xml; path = "sosozhe-Info.plist"; sourceTree = "<group>"; };
		03B51FB118FD7EA900F862E1 /* en */ = {isa = PBXFileReference; lastKnownFileType = text.plist.strings; name = en; path = en.lproj/InfoPlist.strings; sourceTree = "<group>"; };
		03B51FB318FD7EA900F862E1 /* main.m */ = {isa = PBXFileReference; lastKnownFileType = sourcecode.c.objc; path = main.m; sourceTree = "<group>"; };
		03B51FB518FD7EA900F862E1 /* sosozhe-Prefix.pch */ = {isa = PBXFileReference; lastKnownFileType = sourcecode.c.h; path = "sosozhe-Prefix.pch"; sourceTree = "<group>"; };
		03B51FB618FD7EA900F862E1 /* AppDelegate.h */ = {isa = PBXFileReference; lastKnownFileType = sourcecode.c.h; path = AppDelegate.h; sourceTree = "<group>"; };
		03B51FB718FD7EA900F862E1 /* AppDelegate.m */ = {isa = PBXFileReference; lastKnownFileType = sourcecode.c.objc; path = AppDelegate.m; sourceTree = "<group>"; };
		03B51FBA18FD7EA900F862E1 /* Base */ = {isa = PBXFileReference; lastKnownFileType = file.storyboard; name = Base; path = Base.lproj/Main.storyboard; sourceTree = "<group>"; };
		03B51FBC18FD7EA900F862E1 /* ViewController.h */ = {isa = PBXFileReference; lastKnownFileType = sourcecode.c.h; path = ViewController.h; sourceTree = "<group>"; };
		03B51FBD18FD7EA900F862E1 /* ViewController.m */ = {isa = PBXFileReference; lastKnownFileType = sourcecode.c.objc; path = ViewController.m; sourceTree = "<group>"; };
		03B51FBF18FD7EA900F862E1 /* Images.xcassets */ = {isa = PBXFileReference; lastKnownFileType = folder.assetcatalog; path = Images.xcassets; sourceTree = "<group>"; };
		03B51FC518FD7EA900F862E1 /* sosozheTests.xctest */ = {isa = PBXFileReference; explicitFileType = wrapper.cfbundle; includeInIndex = 0; path = sosozheTests.xctest; sourceTree = BUILT_PRODUCTS_DIR; };
		03B51FC618FD7EA900F862E1 /* XCTest.framework */ = {isa = PBXFileReference; lastKnownFileType = wrapper.framework; name = XCTest.framework; path = Library/Frameworks/XCTest.framework; sourceTree = DEVELOPER_DIR; };
		03B51FCE18FD7EA900F862E1 /* sosozheTests-Info.plist */ = {isa = PBXFileReference; lastKnownFileType = text.plist.xml; path = "sosozheTests-Info.plist"; sourceTree = "<group>"; };
		03B51FD018FD7EA900F862E1 /* en */ = {isa = PBXFileReference; lastKnownFileType = text.plist.strings; name = en; path = en.lproj/InfoPlist.strings; sourceTree = "<group>"; };
		03B51FD218FD7EA900F862E1 /* sosozheTests.m */ = {isa = PBXFileReference; lastKnownFileType = sourcecode.c.objc; path = sosozheTests.m; sourceTree = "<group>"; };
		03F165681901830F0047D17E /* MBProgressHUD.h */ = {isa = PBXFileReference; fileEncoding = 4; lastKnownFileType = sourcecode.c.h; path = MBProgressHUD.h; sourceTree = "<group>"; };
		03F165691901830F0047D17E /* MBProgressHUD.m */ = {isa = PBXFileReference; fileEncoding = 4; lastKnownFileType = sourcecode.c.objc; path = MBProgressHUD.m; sourceTree = "<group>"; };
		A50530DD1AFA4FC284870635 /* Pods.xcconfig */ = {isa = PBXFileReference; includeInIndex = 1; lastKnownFileType = text.xcconfig; name = Pods.xcconfig; path = Pods/Pods.xcconfig; sourceTree = "<group>"; };
		B1BBFC5D6C98494FB4997A06 /* libPods.a */ = {isa = PBXFileReference; explicitFileType = archive.ar; includeInIndex = 0; path = libPods.a; sourceTree = BUILT_PRODUCTS_DIR; };
/* End PBXFileReference section */

/* Begin PBXFrameworksBuildPhase section */
		03B51FA118FD7EA900F862E1 /* Frameworks */ = {
			isa = PBXFrameworksBuildPhase;
			buildActionMask = 2147483647;
			files = (
				03B51FAA18FD7EA900F862E1 /* CoreGraphics.framework in Frameworks */,
				03B51FAC18FD7EA900F862E1 /* UIKit.framework in Frameworks */,
				03B51FA818FD7EA900F862E1 /* Foundation.framework in Frameworks */,
				9AC91AF80AE74C3CA5A68D0A /* libPods.a in Frameworks */,
			);
			runOnlyForDeploymentPostprocessing = 0;
		};
		03B51FC218FD7EA900F862E1 /* Frameworks */ = {
			isa = PBXFrameworksBuildPhase;
			buildActionMask = 2147483647;
			files = (
				03B51FC718FD7EA900F862E1 /* XCTest.framework in Frameworks */,
				03B51FC918FD7EA900F862E1 /* UIKit.framework in Frameworks */,
				03B51FC818FD7EA900F862E1 /* Foundation.framework in Frameworks */,
			);
			runOnlyForDeploymentPostprocessing = 0;
		};
/* End PBXFrameworksBuildPhase section */

/* Begin PBXGroup section */
		032D738B18FEC95F00FA8284 /* Image */ = {
			isa = PBXGroup;
			children = (
				032D740818FEDA2C00FA8284 /* top_bg.png */,
				032D738C18FEC95F00FA8284 /* add_friend.png */,
				032D738D18FEC95F00FA8284 /* add_friend1.png */,
				032D738E18FEC95F00FA8284 /* add_friend2.png */,
				032D738F18FEC95F00FA8284 /* arrow.png */,
				032D739018FEC95F00FA8284 /* arrow_icon.png */,
				032D739118FEC95F00FA8284 /* back.png */,
				032D739218FEC95F00FA8284 /* banner1.png */,
				032D739318FEC95F00FA8284 /* banner2.png */,
				032D739418FEC95F00FA8284 /* banner3.png */,
				032D739518FEC95F00FA8284 /* check.png */,
				032D739618FEC95F00FA8284 /* dot_off.png */,
				032D739718FEC95F00FA8284 /* dot_on.png */,
				032D739818FEC95F00FA8284 /* juhuasuan_icon.png */,
				032D739918FEC95F00FA8284 /* logo.png */,
				032D739A18FEC95F00FA8284 /* mall.png */,
				032D739B18FEC95F00FA8284 /* message.png */,
				032D739C18FEC95F00FA8284 /* more.png */,
				032D739D18FEC95F00FA8284 /* paipai_info_icon.png */,
				032D739E18FEC95F00FA8284 /* pinpai_amazon.png */,
				032D739F18FEC95F00FA8284 /* pinpai_dangdang.png */,
				032D73A018FEC95F00FA8284 /* pinpai_jingdong.png */,
				032D73A118FEC95F00FA8284 /* pinpai_jumei.png */,
				032D73A218FEC95F00FA8284 /* pinpai_nuomi.png */,
				032D73A318FEC95F00FA8284 /* pinpai_paipai.png */,
				032D73A418FEC95F00FA8284 /* pinpai_taobao.png */,
				032D73A518FEC95F00FA8284 /* pinpai_xiecheng.png */,
				032D73A618FEC95F00FA8284 /* pinpai_yixun.png */,
				032D73A718FEC95F00FA8284 /* qiandao_info_icon.png */,
				032D73A818FEC95F00FA8284 /* search_bg.png */,
				032D73A918FEC95F00FA8284 /* search_shangpin.png */,
				032D73AA18FEC95F00FA8284 /* shangpin_temp.png */,
				032D73AB18FEC95F00FA8284 /* shourumingxi_info_icon.png */,
				032D73AC18FEC95F00FA8284 /* star.png */,
				032D73AD18FEC95F00FA8284 /* tab_bg.9.png */,
				032D73AE18FEC95F00FA8284 /* tab_bg.png */,
				032D73AF18FEC95F00FA8284 /* tab_index_1.png */,
				032D73B018FEC95F00FA8284 /* tab_index_1_s.png */,
				032D73B118FEC95F00FA8284 /* tab_index_2.png */,
				032D73B218FEC96000FA8284 /* tab_index_2_s.png */,
				032D73B318FEC96000FA8284 /* tab_mall_1.png */,
				032D73B418FEC96000FA8284 /* tab_mall_1_s.png */,
				032D73B518FEC96000FA8284 /* tab_mall_2.png */,
				032D73B618FEC96000FA8284 /* tab_mall_2_s.png */,
				032D73B718FEC96000FA8284 /* tab_tao_1.png */,
				032D73B818FEC96000FA8284 /* tab_tao_1_s.png */,
				032D73B918FEC96000FA8284 /* tab_tao_2.png */,
				032D73BA18FEC96000FA8284 /* tab_tao_2_s.png */,
				032D73BB18FEC96000FA8284 /* tab_user_1.png */,
				032D73BC18FEC96000FA8284 /* tab_user_1_s.png */,
				032D73BD18FEC96000FA8284 /* tab_user_2.png */,
				032D73BE18FEC96000FA8284 /* tab_user_2_s.png */,
				032D73BF18FEC96000FA8284 /* tao_icon.png */,
				032D73C018FEC96000FA8284 /* tao_info_icon.png */,
				032D73C118FEC96000FA8284 /* taojinbi_icon.png */,
				032D73C218FEC96000FA8284 /* test.png */,
				032D73C318FEC96000FA8284 /* title_shangpin.9.png */,
				032D73C418FEC96000FA8284 /* tmall_icon.png */,
				032D73C518FEC96000FA8284 /* top_bg.9.png */,
				032D73C618FEC96000FA8284 /* vip.png */,
			);
			path = Image;
			sourceTree = "<group>";
		};
		032D740D18FEDF9100FA8284 /* SGFocusImage */ = {
			isa = PBXGroup;
			children = (
				032D740E18FEDF9100FA8284 /* SGFocusImageFrame.h */,
				032D740F18FEDF9100FA8284 /* SGFocusImageFrame.m */,
				032D741018FEDF9100FA8284 /* SGFocusImageItem.h */,
				032D741118FEDF9100FA8284 /* SGFocusImageItem.m */,
			);
			path = SGFocusImage;
			sourceTree = "<group>";
		};
		03B51F9B18FD7EA900F862E1 = {
			isa = PBXGroup;
			children = (
				03B51FAD18FD7EA900F862E1 /* sosozhe */,
				03B51FCC18FD7EA900F862E1 /* sosozheTests */,
				03B51FA618FD7EA900F862E1 /* Frameworks */,
				03B51FA518FD7EA900F862E1 /* Products */,
				A50530DD1AFA4FC284870635 /* Pods.xcconfig */,
			);
			sourceTree = "<group>";
		};
		03B51FA518FD7EA900F862E1 /* Products */ = {
			isa = PBXGroup;
			children = (
				03B51FA418FD7EA900F862E1 /* sosozhe.app */,
				03B51FC518FD7EA900F862E1 /* sosozheTests.xctest */,
			);
			name = Products;
			sourceTree = "<group>";
		};
		03B51FA618FD7EA900F862E1 /* Frameworks */ = {
			isa = PBXGroup;
			children = (
				03B51FA718FD7EA900F862E1 /* Foundation.framework */,
				03B51FA918FD7EA900F862E1 /* CoreGraphics.framework */,
				03B51FAB18FD7EA900F862E1 /* UIKit.framework */,
				03B51FC618FD7EA900F862E1 /* XCTest.framework */,
				B1BBFC5D6C98494FB4997A06 /* libPods.a */,
			);
			name = Frameworks;
			sourceTree = "<group>";
		};
		03B51FAD18FD7EA900F862E1 /* sosozhe */ = {
			isa = PBXGroup;
			children = (
				03F165671901830F0047D17E /* MBProgress */,
				032D740D18FEDF9100FA8284 /* SGFocusImage */,
				03B51FB618FD7EA900F862E1 /* AppDelegate.h */,
				03B51FB718FD7EA900F862E1 /* AppDelegate.m */,
				03B51FB918FD7EA900F862E1 /* Main.storyboard */,
				03B51FBC18FD7EA900F862E1 /* ViewController.h */,
				03B51FBD18FD7EA900F862E1 /* ViewController.m */,
				03B51FBF18FD7EA900F862E1 /* Images.xcassets */,
				03B51FAE18FD7EA900F862E1 /* Supporting Files */,
				032D740218FECA0D00FA8284 /* IndexViewController.h */,
				032D740318FECA0D00FA8284 /* IndexViewController.m */,
				032D740A18FEDC4000FA8284 /* CustomTextField.h */,
				032D740B18FEDC4000FA8284 /* CustomTextField.m */,
				036DEC5619002F48003F0F45 /* Header.h */,
				0327028B19027E880049827A /* BrandDetailViewController.h */,
				0327028C19027E880049827A /* BrandDetailViewController.m */,
				03270291190283150049827A /* BrandView.h */,
				03270292190283150049827A /* BrandView.m */,
				0328574E1903DF2A0094517B /* MoreBrandViewController.h */,
				0328574F1903DF2A0094517B /* MoreBrandViewController.m */,
				031EFEA119055CC900A165C7 /* MyAccountViewController.h */,
				031EFEA219055CC900A165C7 /* MyAccountViewController.m */,
			);
			path = sosozhe;
			sourceTree = "<group>";
		};
		03B51FAE18FD7EA900F862E1 /* Supporting Files */ = {
			isa = PBXGroup;
			children = (
				032D738B18FEC95F00FA8284 /* Image */,
				03B51FAF18FD7EA900F862E1 /* sosozhe-Info.plist */,
				03B51FB018FD7EA900F862E1 /* InfoPlist.strings */,
				03B51FB318FD7EA900F862E1 /* main.m */,
				03B51FB518FD7EA900F862E1 /* sosozhe-Prefix.pch */,
			);
			name = "Supporting Files";
			sourceTree = "<group>";
		};
		03B51FCC18FD7EA900F862E1 /* sosozheTests */ = {
			isa = PBXGroup;
			children = (
				03B51FD218FD7EA900F862E1 /* sosozheTests.m */,
				03B51FCD18FD7EA900F862E1 /* Supporting Files */,
			);
			path = sosozheTests;
			sourceTree = "<group>";
		};
		03B51FCD18FD7EA900F862E1 /* Supporting Files */ = {
			isa = PBXGroup;
			children = (
				03B51FCE18FD7EA900F862E1 /* sosozheTests-Info.plist */,
				03B51FCF18FD7EA900F862E1 /* InfoPlist.strings */,
			);
			name = "Supporting Files";
			sourceTree = "<group>";
		};
		03F165671901830F0047D17E /* MBProgress */ = {
			isa = PBXGroup;
			children = (
				03F165681901830F0047D17E /* MBProgressHUD.h */,
				03F165691901830F0047D17E /* MBProgressHUD.m */,
			);
			path = MBProgress;
			sourceTree = "<group>";
		};
/* End PBXGroup section */

/* Begin PBXNativeTarget section */
		03B51FA318FD7EA900F862E1 /* sosozhe */ = {
			isa = PBXNativeTarget;
			buildConfigurationList = 03B51FD618FD7EA900F862E1 /* Build configuration list for PBXNativeTarget "sosozhe" */;
			buildPhases = (
				80713901B8C440A3B9240815 /* Check Pods Manifest.lock */,
				03B51FA018FD7EA900F862E1 /* Sources */,
				03B51FA118FD7EA900F862E1 /* Frameworks */,
				03B51FA218FD7EA900F862E1 /* Resources */,
				FD1745AA7B1B468DA725D9CE /* Copy Pods Resources */,
			);
			buildRules = (
			);
			dependencies = (
			);
			name = sosozhe;
			productName = sosozhe;
			productReference = 03B51FA418FD7EA900F862E1 /* sosozhe.app */;
			productType = "com.apple.product-type.application";
		};
		03B51FC418FD7EA900F862E1 /* sosozheTests */ = {
			isa = PBXNativeTarget;
			buildConfigurationList = 03B51FD918FD7EA900F862E1 /* Build configuration list for PBXNativeTarget "sosozheTests" */;
			buildPhases = (
				03B51FC118FD7EA900F862E1 /* Sources */,
				03B51FC218FD7EA900F862E1 /* Frameworks */,
				03B51FC318FD7EA900F862E1 /* Resources */,
			);
			buildRules = (
			);
			dependencies = (
				03B51FCB18FD7EA900F862E1 /* PBXTargetDependency */,
			);
			name = sosozheTests;
			productName = sosozheTests;
			productReference = 03B51FC518FD7EA900F862E1 /* sosozheTests.xctest */;
			productType = "com.apple.product-type.bundle.unit-test";
		};
/* End PBXNativeTarget section */

/* Begin PBXProject section */
		03B51F9C18FD7EA900F862E1 /* Project object */ = {
			isa = PBXProject;
			attributes = {
				LastUpgradeCheck = 0510;
				ORGANIZATIONNAME = sosozhe;
				TargetAttributes = {
					03B51FC418FD7EA900F862E1 = {
						TestTargetID = 03B51FA318FD7EA900F862E1;
					};
				};
			};
			buildConfigurationList = 03B51F9F18FD7EA900F862E1 /* Build configuration list for PBXProject "sosozhe" */;
			compatibilityVersion = "Xcode 3.2";
			developmentRegion = English;
			hasScannedForEncodings = 0;
			knownRegions = (
				en,
				Base,
			);
			mainGroup = 03B51F9B18FD7EA900F862E1;
			productRefGroup = 03B51FA518FD7EA900F862E1 /* Products */;
			projectDirPath = "";
			projectRoot = "";
			targets = (
				03B51FA318FD7EA900F862E1 /* sosozhe */,
				03B51FC418FD7EA900F862E1 /* sosozheTests */,
			);
		};
/* End PBXProject section */

/* Begin PBXResourcesBuildPhase section */
		03B51FA218FD7EA900F862E1 /* Resources */ = {
			isa = PBXResourcesBuildPhase;
			buildActionMask = 2147483647;
			files = (
				03B51FC018FD7EA900F862E1 /* Images.xcassets in Resources */,
				032D73F418FEC96000FA8284 /* tab_tao_2.png in Resources */,
				032D73D618FEC96000FA8284 /* message.png in Resources */,
				032D73F518FEC96000FA8284 /* tab_tao_2_s.png in Resources */,
				032D73D318FEC96000FA8284 /* juhuasuan_icon.png in Resources */,
				032D73D018FEC96000FA8284 /* check.png in Resources */,
				032D73CE18FEC96000FA8284 /* banner2.png in Resources */,
				032D73CD18FEC96000FA8284 /* banner1.png in Resources */,
				032D73D918FEC96000FA8284 /* pinpai_amazon.png in Resources */,
				032D73E418FEC96000FA8284 /* search_shangpin.png in Resources */,
				032D73E018FEC96000FA8284 /* pinpai_xiecheng.png in Resources */,
				032D73FB18FEC96000FA8284 /* tao_info_icon.png in Resources */,
				032D73D718FEC96000FA8284 /* more.png in Resources */,
				032D73D818FEC96000FA8284 /* paipai_info_icon.png in Resources */,
				032D73DD18FEC96000FA8284 /* pinpai_nuomi.png in Resources */,
				032D73FD18FEC96000FA8284 /* test.png in Resources */,
				032D73F018FEC96000FA8284 /* tab_mall_2.png in Resources */,
				032D73E918FEC96000FA8284 /* tab_bg.png in Resources */,
				032D73FA18FEC96000FA8284 /* tao_icon.png in Resources */,
				032D73EA18FEC96000FA8284 /* tab_index_1.png in Resources */,
				032D73D418FEC96000FA8284 /* logo.png in Resources */,
				032D73C718FEC96000FA8284 /* add_friend.png in Resources */,
				032D73CC18FEC96000FA8284 /* back.png in Resources */,
				032D73F118FEC96000FA8284 /* tab_mall_2_s.png in Resources */,
				032D73FE18FEC96000FA8284 /* title_shangpin.9.png in Resources */,
				032D73E518FEC96000FA8284 /* shangpin_temp.png in Resources */,
				03B51FB218FD7EA900F862E1 /* InfoPlist.strings in Resources */,
				032D73C818FEC96000FA8284 /* add_friend1.png in Resources */,
				032D73EB18FEC96000FA8284 /* tab_index_1_s.png in Resources */,
				032D73DB18FEC96000FA8284 /* pinpai_jingdong.png in Resources */,
				032D73DC18FEC96000FA8284 /* pinpai_jumei.png in Resources */,
				032D73ED18FEC96000FA8284 /* tab_index_2_s.png in Resources */,
				032D73CF18FEC96000FA8284 /* banner3.png in Resources */,
				032D73E818FEC96000FA8284 /* tab_bg.9.png in Resources */,
				032D73DF18FEC96000FA8284 /* pinpai_taobao.png in Resources */,
				032D740918FEDA2C00FA8284 /* top_bg.png in Resources */,
				032D73FF18FEC96000FA8284 /* tmall_icon.png in Resources */,
				032D73F818FEC96000FA8284 /* tab_user_2.png in Resources */,
				032D740118FEC96000FA8284 /* vip.png in Resources */,
				032D73DA18FEC96000FA8284 /* pinpai_dangdang.png in Resources */,
				032D73D518FEC96000FA8284 /* mall.png in Resources */,
				032D73E618FEC96000FA8284 /* shourumingxi_info_icon.png in Resources */,
				032D73DE18FEC96000FA8284 /* pinpai_paipai.png in Resources */,
				032D73E218FEC96000FA8284 /* qiandao_info_icon.png in Resources */,
				032D73F918FEC96000FA8284 /* tab_user_2_s.png in Resources */,
				032D73EC18FEC96000FA8284 /* tab_index_2.png in Resources */,
				032D73EF18FEC96000FA8284 /* tab_mall_1_s.png in Resources */,
				032D740018FEC96000FA8284 /* top_bg.9.png in Resources */,
				032D73F718FEC96000FA8284 /* tab_user_1_s.png in Resources */,
				032D73F618FEC96000FA8284 /* tab_user_1.png in Resources */,
				032D73D118FEC96000FA8284 /* dot_off.png in Resources */,
				032D73EE18FEC96000FA8284 /* tab_mall_1.png in Resources */,
				032D73CB18FEC96000FA8284 /* arrow_icon.png in Resources */,
				032D73F218FEC96000FA8284 /* tab_tao_1.png in Resources */,
				032D73E718FEC96000FA8284 /* star.png in Resources */,
				032D73FC18FEC96000FA8284 /* taojinbi_icon.png in Resources */,
				032D73C918FEC96000FA8284 /* add_friend2.png in Resources */,
				032D73E118FEC96000FA8284 /* pinpai_yixun.png in Resources */,
				032D73CA18FEC96000FA8284 /* arrow.png in Resources */,
				03B51FBB18FD7EA900F862E1 /* Main.storyboard in Resources */,
				032D73E318FEC96000FA8284 /* search_bg.png in Resources */,
				032D73F318FEC96000FA8284 /* tab_tao_1_s.png in Resources */,
				032D73D218FEC96000FA8284 /* dot_on.png in Resources */,
			);
			runOnlyForDeploymentPostprocessing = 0;
		};
		03B51FC318FD7EA900F862E1 /* Resources */ = {
			isa = PBXResourcesBuildPhase;
			buildActionMask = 2147483647;
			files = (
				03B51FD118FD7EA900F862E1 /* InfoPlist.strings in Resources */,
			);
			runOnlyForDeploymentPostprocessing = 0;
		};
/* End PBXResourcesBuildPhase section */

/* Begin PBXShellScriptBuildPhase section */
		80713901B8C440A3B9240815 /* Check Pods Manifest.lock */ = {
			isa = PBXShellScriptBuildPhase;
			buildActionMask = 2147483647;
			files = (
			);
			inputPaths = (
			);
			name = "Check Pods Manifest.lock";
			outputPaths = (
			);
			runOnlyForDeploymentPostprocessing = 0;
			shellPath = /bin/sh;
			shellScript = "diff \"${PODS_ROOT}/../Podfile.lock\" \"${PODS_ROOT}/Manifest.lock\" > /dev/null\nif [[ $? != 0 ]] ; then\n    cat << EOM\nerror: The sandbox is not in sync with the Podfile.lock. Run 'pod install' or update your CocoaPods installation.\nEOM\n    exit 1\nfi\n";
			showEnvVarsInLog = 0;
		};
		FD1745AA7B1B468DA725D9CE /* Copy Pods Resources */ = {
			isa = PBXShellScriptBuildPhase;
			buildActionMask = 2147483647;
			files = (
			);
			inputPaths = (
			);
			name = "Copy Pods Resources";
			outputPaths = (
			);
			runOnlyForDeploymentPostprocessing = 0;
			shellPath = /bin/sh;
			shellScript = "\"${SRCROOT}/Pods/Pods-resources.sh\"\n";
			showEnvVarsInLog = 0;
		};
/* End PBXShellScriptBuildPhase section */

/* Begin PBXSourcesBuildPhase section */
		03B51FA018FD7EA900F862E1 /* Sources */ = {
			isa = PBXSourcesBuildPhase;
			buildActionMask = 2147483647;
			files = (
				032857501903DF2A0094517B /* MoreBrandViewController.m in Sources */,
				03270293190283150049827A /* BrandView.m in Sources */,
				031EFEA319055CC900A165C7 /* MyAccountViewController.m in Sources */,
				0327028D19027E880049827A /* BrandDetailViewController.m in Sources */,
				032D741218FEDF9200FA8284 /* SGFocusImageFrame.m in Sources */,
				03B51FBE18FD7EA900F862E1 /* ViewController.m in Sources */,
				032D741318FEDF9200FA8284 /* SGFocusImageItem.m in Sources */,
				03B51FB818FD7EA900F862E1 /* AppDelegate.m in Sources */,
				03B51FB418FD7EA900F862E1 /* main.m in Sources */,
				032D740C18FEDC4000FA8284 /* CustomTextField.m in Sources */,
				032D740418FECA0D00FA8284 /* IndexViewController.m in Sources */,
				03F1656A1901830F0047D17E /* MBProgressHUD.m in Sources */,
			);
			runOnlyForDeploymentPostprocessing = 0;
		};
		03B51FC118FD7EA900F862E1 /* Sources */ = {
			isa = PBXSourcesBuildPhase;
			buildActionMask = 2147483647;
			files = (
				03B51FD318FD7EA900F862E1 /* sosozheTests.m in Sources */,
			);
			runOnlyForDeploymentPostprocessing = 0;
		};
/* End PBXSourcesBuildPhase section */

/* Begin PBXTargetDependency section */
		03B51FCB18FD7EA900F862E1 /* PBXTargetDependency */ = {
			isa = PBXTargetDependency;
			target = 03B51FA318FD7EA900F862E1 /* sosozhe */;
			targetProxy = 03B51FCA18FD7EA900F862E1 /* PBXContainerItemProxy */;
		};
/* End PBXTargetDependency section */

/* Begin PBXVariantGroup section */
		03B51FB018FD7EA900F862E1 /* InfoPlist.strings */ = {
			isa = PBXVariantGroup;
			children = (
				03B51FB118FD7EA900F862E1 /* en */,
			);
			name = InfoPlist.strings;
			sourceTree = "<group>";
		};
		03B51FB918FD7EA900F862E1 /* Main.storyboard */ = {
			isa = PBXVariantGroup;
			children = (
				03B51FBA18FD7EA900F862E1 /* Base */,
				037CF3E7190818B6007D1071 /* en */,
			);
			name = Main.storyboard;
			sourceTree = "<group>";
		};
		03B51FCF18FD7EA900F862E1 /* InfoPlist.strings */ = {
			isa = PBXVariantGroup;
			children = (
				03B51FD018FD7EA900F862E1 /* en */,
			);
			name = InfoPlist.strings;
			sourceTree = "<group>";
		};
/* End PBXVariantGroup section */

/* Begin XCBuildConfiguration section */
		03B51FD418FD7EA900F862E1 /* Debug */ = {
			isa = XCBuildConfiguration;
			buildSettings = {
				ALWAYS_SEARCH_USER_PATHS = NO;
				CLANG_CXX_LANGUAGE_STANDARD = "gnu++0x";
				CLANG_CXX_LIBRARY = "libc++";
				CLANG_ENABLE_MODULES = YES;
				CLANG_ENABLE_OBJC_ARC = YES;
				CLANG_WARN_BOOL_CONVERSION = YES;
				CLANG_WARN_CONSTANT_CONVERSION = YES;
				CLANG_WARN_DIRECT_OBJC_ISA_USAGE = YES_ERROR;
				CLANG_WARN_EMPTY_BODY = YES;
				CLANG_WARN_ENUM_CONVERSION = YES;
				CLANG_WARN_INT_CONVERSION = YES;
				CLANG_WARN_OBJC_ROOT_CLASS = YES_ERROR;
				CLANG_WARN__DUPLICATE_METHOD_MATCH = YES;
				"CODE_SIGN_IDENTITY[sdk=iphoneos*]" = "iPhone Developer";
				COPY_PHASE_STRIP = NO;
				GCC_C_LANGUAGE_STANDARD = gnu99;
				GCC_DYNAMIC_NO_PIC = NO;
				GCC_OPTIMIZATION_LEVEL = 0;
				GCC_PREPROCESSOR_DEFINITIONS = (
					"DEBUG=1",
					"$(inherited)",
				);
				GCC_SYMBOLS_PRIVATE_EXTERN = NO;
				GCC_WARN_64_TO_32_BIT_CONVERSION = YES;
				GCC_WARN_ABOUT_RETURN_TYPE = YES_ERROR;
				GCC_WARN_UNDECLARED_SELECTOR = YES;
				GCC_WARN_UNINITIALIZED_AUTOS = YES_AGGRESSIVE;
				GCC_WARN_UNUSED_FUNCTION = YES;
				GCC_WARN_UNUSED_VARIABLE = YES;
				IPHONEOS_DEPLOYMENT_TARGET = 7.1;
				ONLY_ACTIVE_ARCH = YES;
				SDKROOT = iphoneos;
			};
			name = Debug;
		};
		03B51FD518FD7EA900F862E1 /* Release */ = {
			isa = XCBuildConfiguration;
			buildSettings = {
				ALWAYS_SEARCH_USER_PATHS = NO;
				CLANG_CXX_LANGUAGE_STANDARD = "gnu++0x";
				CLANG_CXX_LIBRARY = "libc++";
				CLANG_ENABLE_MODULES = YES;
				CLANG_ENABLE_OBJC_ARC = YES;
				CLANG_WARN_BOOL_CONVERSION = YES;
				CLANG_WARN_CONSTANT_CONVERSION = YES;
				CLANG_WARN_DIRECT_OBJC_ISA_USAGE = YES_ERROR;
				CLANG_WARN_EMPTY_BODY = YES;
				CLANG_WARN_ENUM_CONVERSION = YES;
				CLANG_WARN_INT_CONVERSION = YES;
				CLANG_WARN_OBJC_ROOT_CLASS = YES_ERROR;
				CLANG_WARN__DUPLICATE_METHOD_MATCH = YES;
				"CODE_SIGN_IDENTITY[sdk=iphoneos*]" = "iPhone Developer";
				COPY_PHASE_STRIP = YES;
				ENABLE_NS_ASSERTIONS = NO;
				GCC_C_LANGUAGE_STANDARD = gnu99;
				GCC_WARN_64_TO_32_BIT_CONVERSION = YES;
				GCC_WARN_ABOUT_RETURN_TYPE = YES_ERROR;
				GCC_WARN_UNDECLARED_SELECTOR = YES;
				GCC_WARN_UNINITIALIZED_AUTOS = YES_AGGRESSIVE;
				GCC_WARN_UNUSED_FUNCTION = YES;
				GCC_WARN_UNUSED_VARIABLE = YES;
				IPHONEOS_DEPLOYMENT_TARGET = 7.1;
				SDKROOT = iphoneos;
				VALIDATE_PRODUCT = YES;
			};
			name = Release;
		};
		03B51FD718FD7EA900F862E1 /* Debug */ = {
			isa = XCBuildConfiguration;
			baseConfigurationReference = A50530DD1AFA4FC284870635 /* Pods.xcconfig */;
			buildSettings = {
				ASSETCATALOG_COMPILER_APPICON_NAME = AppIcon;
				ASSETCATALOG_COMPILER_LAUNCHIMAGE_NAME = LaunchImage;
				GCC_PRECOMPILE_PREFIX_HEADER = YES;
				GCC_PREFIX_HEADER = "sosozhe/sosozhe-Prefix.pch";
				INFOPLIST_FILE = "sosozhe/sosozhe-Info.plist";
				IPHONEOS_DEPLOYMENT_TARGET = 5.1;
				PRODUCT_NAME = "$(TARGET_NAME)";
				WRAPPER_EXTENSION = app;
			};
			name = Debug;
		};
		03B51FD818FD7EA900F862E1 /* Release */ = {
			isa = XCBuildConfiguration;
			baseConfigurationReference = A50530DD1AFA4FC284870635 /* Pods.xcconfig */;
			buildSettings = {
				ASSETCATALOG_COMPILER_APPICON_NAME = AppIcon;
				ASSETCATALOG_COMPILER_LAUNCHIMAGE_NAME = LaunchImage;
				GCC_PRECOMPILE_PREFIX_HEADER = YES;
				GCC_PREFIX_HEADER = "sosozhe/sosozhe-Prefix.pch";
				INFOPLIST_FILE = "sosozhe/sosozhe-Info.plist";
				IPHONEOS_DEPLOYMENT_TARGET = 5.1;
				PRODUCT_NAME = "$(TARGET_NAME)";
				WRAPPER_EXTENSION = app;
			};
			name = Release;
		};
		03B51FDA18FD7EA900F862E1 /* Debug */ = {
			isa = XCBuildConfiguration;
			buildSettings = {
				BUNDLE_LOADER = "$(BUILT_PRODUCTS_DIR)/sosozhe.app/sosozhe";
				FRAMEWORK_SEARCH_PATHS = (
					"$(SDKROOT)/Developer/Library/Frameworks",
					"$(inherited)",
					"$(DEVELOPER_FRAMEWORKS_DIR)",
				);
				GCC_PRECOMPILE_PREFIX_HEADER = YES;
				GCC_PREFIX_HEADER = "sosozhe/sosozhe-Prefix.pch";
				GCC_PREPROCESSOR_DEFINITIONS = (
					"DEBUG=1",
					"$(inherited)",
				);
				INFOPLIST_FILE = "sosozheTests/sosozheTests-Info.plist";
				PRODUCT_NAME = "$(TARGET_NAME)";
				TEST_HOST = "$(BUNDLE_LOADER)";
				WRAPPER_EXTENSION = xctest;
			};
			name = Debug;
		};
		03B51FDB18FD7EA900F862E1 /* Release */ = {
			isa = XCBuildConfiguration;
			buildSettings = {
				BUNDLE_LOADER = "$(BUILT_PRODUCTS_DIR)/sosozhe.app/sosozhe";
				FRAMEWORK_SEARCH_PATHS = (
					"$(SDKROOT)/Developer/Library/Frameworks",
					"$(inherited)",
					"$(DEVELOPER_FRAMEWORKS_DIR)",
				);
				GCC_PRECOMPILE_PREFIX_HEADER = YES;
				GCC_PREFIX_HEADER = "sosozhe/sosozhe-Prefix.pch";
				INFOPLIST_FILE = "sosozheTests/sosozheTests-Info.plist";
				PRODUCT_NAME = "$(TARGET_NAME)";
				TEST_HOST = "$(BUNDLE_LOADER)";
				WRAPPER_EXTENSION = xctest;
			};
			name = Release;
		};
/* End XCBuildConfiguration section */

/* Begin XCConfigurationList section */
		03B51F9F18FD7EA900F862E1 /* Build configuration list for PBXProject "sosozhe" */ = {
			isa = XCConfigurationList;
			buildConfigurations = (
				03B51FD418FD7EA900F862E1 /* Debug */,
				03B51FD518FD7EA900F862E1 /* Release */,
			);
			defaultConfigurationIsVisible = 0;
			defaultConfigurationName = Release;
		};
		03B51FD618FD7EA900F862E1 /* Build configuration list for PBXNativeTarget "sosozhe" */ = {
			isa = XCConfigurationList;
			buildConfigurations = (
				03B51FD718FD7EA900F862E1 /* Debug */,
				03B51FD818FD7EA900F862E1 /* Release */,
			);
			defaultConfigurationIsVisible = 0;
			defaultConfigurationName = Release;
		};
		03B51FD918FD7EA900F862E1 /* Build configuration list for PBXNativeTarget "sosozheTests" */ = {
			isa = XCConfigurationList;
			buildConfigurations = (
				03B51FDA18FD7EA900F862E1 /* Debug */,
				03B51FDB18FD7EA900F862E1 /* Release */,
			);
			defaultConfigurationIsVisible = 0;
			defaultConfigurationName = Release;
		};
/* End XCConfigurationList section */
	};
	rootObject = 03B51F9C18FD7EA900F862E1 /* Project object */;
}
